
Microsoft Visual Studio Solution File, Format Version 12.00
# Visual Studio 15
VisualStudioVersion = 15.0.28010.2026
MinimumVisualStudioVersion = 10.0.40219.1
Project("{FAE04EC0-301F-11D3-BF4B-00C04F79EFBC}") = "HI1", "HI1\HI1.csproj", "{0CC5947B-4D14-40C7-919C-88129139169D}"
EndProject
Project("{FAE04EC0-301F-11D3-BF4B-00C04F79EFBC}") = "HI2", "HI2\HI2.csproj", "{AF92B42F-7F9B-4ADE-AF46-F0E8E83A20B7}"
EndProject
Project("{FAE04EC0-301F-11D3-BF4B-00C04F79EFBC}") = "HI3", "HI3\HI3.csproj", "{FCD0A7D5-3B54-42B7-90C0-5323A792D77B}"
EndProject
Project("{FAE04EC0-301F-11D3-BF4B-00C04F79EFBC}") = "HILibrary", "HILibrary\HILibrary.csproj", "{9A8780F2-5225-4D81-BD10-E6DC5D1236F3}"
EndProject
Project("{FAE04EC0-301F-11D3-BF4B-00C04F79EFBC}") = "HI4", "HI4\HI4.csproj", "{CDA9F26B-AA07-419E-9C09-CA1EC73EC006}"
EndProject
Project("{FAE04EC0-301F-11D3-BF4B-00C04F79EFBC}") = "HI5", "HI5\HI5.csproj", "{B6DFE7D4-FB4E-4BCF-9EB3-45F52A8EFB60}"
EndProject
Global
	GlobalSection(SolutionConfigurationPlatforms) = preSolution
		Debug|Any CPU = Debug|Any CPU
		Release|Any CPU = Release|Any CPU
	EndGlobalSection
	GlobalSection(ProjectConfigurationPlatforms) = postSolution
		{0CC5947B-4D14-40C7-919C-88129139169D}.Debug|Any CPU.ActiveCfg = Debug|Any CPU
		{0CC5947B-4D14-40C7-919C-88129139169D}.Debug|Any CPU.Build.0 = Debug|Any CPU
		{0CC5947B-4D14-40C7-919C-88129139169D}.Release|Any CPU.ActiveCfg = Release|Any CPU
		{0CC5947B-4D14-40C7-919C-88129139169D}.Release|Any CPU.Build.0 = Release|Any CPU
		{AF92B42F-7F9B-4ADE-AF46-F0E8E83A20B7}.Debug|Any CPU.ActiveCfg = Debug|Any CPU
		{AF92B42F-7F9B-4ADE-AF46-F0E8E83A20B7}.Debug|Any CPU.Build.0 = Debug|Any CPU
		{AF92B42F-7F9B-4ADE-AF46-F0E8E83A20B7}.Release|Any CPU.ActiveCfg = Release|Any CPU
		{AF92B42F-7F9B-4ADE-AF46-F0E8E83A20B7}.Release|Any CPU.Build.0 = Release|Any CPU
		{FCD0A7D5-3B54-42B7-90C0-5323A792D77B}.Debug|Any CPU.ActiveCfg = Debug|Any CPU
		{FCD0A7D5-3B54-42B7-90C0-5323A792D77B}.Debug|Any CPU.Build.0 = Debug|Any CPU
		{FCD0A7D5-3B54-42B7-90C0-5323A792D77B}.Release|Any CPU.ActiveCfg = Release|Any CPU
		{FCD0A7D5-3B54-42B7-90C0-5323A792D77B}.Release|Any CPU.Build.0 = Release|Any CPU
		{9A8780F2-5225-4D81-BD10-E6DC5D1236F3}.Debug|Any CPU.ActiveCfg = Debug|Any CPU
		{9A8780F2-5225-4D81-BD10-E6DC5D1236F3}.Debug|Any CPU.Build.0 = Debug|Any CPU
		{9A8780F2-5225-4D81-BD10-E6DC5D1236F3}.Release|Any CPU.ActiveCfg = Release|Any CPU
		{9A8780F2-5225-4D81-BD10-E6DC5D1236F3}.Release|Any CPU.Build.0 = Release|Any CPU
		{CDA9F26B-AA07-419E-9C09-CA1EC73EC006}.Debug|Any CPU.ActiveCfg = Debug|Any CPU
		{CDA9F26B-AA07-419E-9C09-CA1EC73EC006}.Debug|Any CPU.Build.0 = Debug|Any CPU
		{CDA9F26B-AA07-419E-9C09-CA1EC73EC006}.Release|Any CPU.ActiveCfg = Release|Any CPU
		{CDA9F26B-AA07-419E-9C09-CA1EC73EC006}.Release|Any CPU.Build.0 = Release|Any CPU
		{B6DFE7D4-FB4E-4BCF-9EB3-45F52A8EFB60}.Debug|Any CPU.ActiveCfg = Debug|Any CPU
		{B6DFE7D4-FB4E-4BCF-9EB3-45F52A8EFB60}.Debug|Any CPU.Build.0 = Debug|Any CPU
		{B6DFE7D4-FB4E-4BCF-9EB3-45F52A8EFB60}.Release|Any CPU.ActiveCfg = Release|Any CPU
		{B6DFE7D4-FB4E-4BCF-9EB3-45F52A8EFB60}.Release|Any CPU.Build.0 = Release|Any CPU
	EndGlobalSection
	GlobalSection(SolutionProperties) = preSolution
		HideSolutionNode = FALSE
	EndGlobalSection
	GlobalSection(ExtensibilityGlobals) = postSolution
		SolutionGuid = {393C2824-4ECC-4889-88D4-C745DBEDF432}
	EndGlobalSection
EndGlobal
